github.com/bitwormhole/starter v0.0.62 h1:Uan/0d30CbETwHFz/WFLNGPqDW16NEe0Kfwi2KKyqeg=
github.com/bitwormhole/starter v0.0.62/go.mod h1:3/UtKB8VwcmR5xf8mx4V7vgGLaej89LaoT+KuJKWL60=
github.com/bitwormhole/starter v0.0.64 h1:jw5PTnANSZkl6FseGMYpDDSiiW2tuauFyg9RfSbYkQE=
github.com/bitwormhole/starter v0.0.64/go.mod h1:3/UtKB8VwcmR5xf8mx4V7vgGLaej89LaoT+KuJKWL60=
github.com/bitwormhole/starter v0.0.69 h1:08loq2GLsjeAEUtgwHG5cY6WPRb8w315r7X9S/sbq34=
github.com/bitwormhole/starter v0.0.69/go.mod h1:3/UtKB8VwcmR5xf8mx4V7vgGLaej89LaoT+KuJKWL60=
github.com/bitwormhole/starter v0.0.70 h1:gErzc0R2P8hmfwAypNrnuoQKfmtmixD6pzDalGnxa4I=
github.com/bitwormhole/starter v0.0.70/go.mod h1:3/UtKB8VwcmR5xf8mx4V7vgGLaej89LaoT+KuJKWL60=
github.com/bitwormhole/starter v0.0.71 h1:C2uApHOldAqVaiRtV43jCC3S5Nx+DR4O10hOmY4/zlk=
github.com/bitwormhole/starter v0.0.71/go.mod h1:3/UtKB8VwcmR5xf8mx4V7vgGLaej89LaoT+KuJKWL60=
github.com/bitwormhole/starter v0.0.73 h1:VTpVHA+CBc5eetiWvnp7VZqd4fSRKQPD5nIWawWt5mY=
github.com/bitwormhole/starter v0.0.73/go.mod h1:3/UtKB8VwcmR5xf8mx4V7vgGLaej89LaoT+KuJKWL60=
